<Solution>
  <Folder Name="/demo/">
    <Project Path="demo/BlazorAgentView.Demo/BlazorAgentView.Demo.csproj" />
  </Folder>
  <Folder Name="/src/">
    <Project Path="src/BlazorAgentView.SignalR/BlazorAgentView.SignalR.csproj" />
    <Project Path="src/BlazorAgentView/BlazorAgentView.csproj" />
  </Folder>
</Solution>
